// !$*UTF8*$!
{
	archiveVersion = 1;
	classes = {
	};
	objectVersion = 56;
	objects = {

/* Begin PBXBuildFile section */
		C3A085FF297FC32100109FB2 /* TicTacToeApp.swift in Sources */ = {isa = PBXBuildFile; fileRef = C3A085FE297FC32100109FB2 /* TicTacToeApp.swift */; };
		C3A08603297FC32400109FB2 /* Assets.xcassets in Resources */ = {isa = PBXBuildFile; fileRef = C3A08602297FC32400109FB2 /* Assets.xcassets */; };
		C3A08606297FC32400109FB2 /* Preview Assets.xcassets in Resources */ = {isa = PBXBuildFile; fileRef = C3A08605297FC32400109FB2 /* Preview Assets.xcassets */; };
		C3A08610297FC36F00109FB2 /* GamePiece.swift in Sources */ = {isa = PBXBuildFile; fileRef = C3A0860F297FC36F00109FB2 /* GamePiece.swift */; };
		C3A08613297FC3E400109FB2 /* PiecesShapes.swift in Sources */ = {isa = PBXBuildFile; fileRef = C3A08612297FC3E400109FB2 /* PiecesShapes.swift */; };
		C3A08615297FC44900109FB2 /* Grid.swift in Sources */ = {isa = PBXBuildFile; fileRef = C3A08614297FC44900109FB2 /* Grid.swift */; };
		C3A08617297FC4A300109FB2 /* GameManager.swift in Sources */ = {isa = PBXBuildFile; fileRef = C3A08616297FC4A300109FB2 /* GameManager.swift */; };
		C3A08619297FC58900109FB2 /* TicTacToeView.swift in Sources */ = {isa = PBXBuildFile; fileRef = C3A08618297FC58900109FB2 /* TicTacToeView.swift */; };
		C3A0861B297FC66600109FB2 /* PreferencesView.swift in Sources */ = {isa = PBXBuildFile; fileRef = C3A0861A297FC66600109FB2 /* PreferencesView.swift */; };
		C3A0861D297FC6B200109FB2 /* EndGameView.swift in Sources */ = {isa = PBXBuildFile; fileRef = C3A0861C297FC6B200109FB2 /* EndGameView.swift */; };
/* End PBXBuildFile section */

/* Begin PBXFileReference section */
		C3A085FB297FC32100109FB2 /* TicTacToe.app */ = {isa = PBXFileReference; explicitFileType = wrapper.application; includeInIndex = 0; path = TicTacToe.app; sourceTree = BUILT_PRODUCTS_DIR; };
		C3A085FE297FC32100109FB2 /* TicTacToeApp.swift */ = {isa = PBXFileReference; lastKnownFileType = sourcecode.swift; path = TicTacToeApp.swift; sourceTree = "<group>"; };
		C3A08602297FC32400109FB2 /* Assets.xcassets */ = {isa = PBXFileReference; lastKnownFileType = folder.assetcatalog; path = Assets.xcassets; sourceTree = "<group>"; };
		C3A08605297FC32400109FB2 /* Preview Assets.xcassets */ = {isa = PBXFileReference; lastKnownFileType = folder.assetcatalog; path = "Preview Assets.xcassets"; sourceTree = "<group>"; };
		C3A0860F297FC36F00109FB2 /* GamePiece.swift */ = {isa = PBXFileReference; lastKnownFileType = sourcecode.swift; path = GamePiece.swift; sourceTree = "<group>"; };
		C3A08612297FC3E400109FB2 /* PiecesShapes.swift */ = {isa = PBXFileReference; lastKnownFileType = sourcecode.swift; path = PiecesShapes.swift; sourceTree = "<group>"; };
		C3A08614297FC44900109FB2 /* Grid.swift */ = {isa = PBXFileReference; lastKnownFileType = sourcecode.swift; path = Grid.swift; sourceTree = "<group>"; };
		C3A08616297FC4A300109FB2 /* GameManager.swift */ = {isa = PBXFileReference; lastKnownFileType = sourcecode.swift; path = GameManager.swift; sourceTree = "<group>"; };
		C3A08618297FC58900109FB2 /* TicTacToeView.swift */ = {isa = PBXFileReference; lastKnownFileType = sourcecode.swift; path = TicTacToeView.swift; sourceTree = "<group>"; };
		C3A0861A297FC66600109FB2 /* PreferencesView.swift */ = {isa = PBXFileReference; lastKnownFileType = sourcecode.swift; path = PreferencesView.swift; sourceTree = "<group>"; };
		C3A0861C297FC6B200109FB2 /* EndGameView.swift */ = {isa = PBXFileReference; lastKnownFileType = sourcecode.swift; path = EndGameView.swift; sourceTree = "<group>"; };
/* End PBXFileReference section */

/* Begin PBXFrameworksBuildPhase section */
		C3A085F8297FC32100109FB2 /* Frameworks */ = {
			isa = PBXFrameworksBuildPhase;
			buildActionMask = 2147483647;
			files = (
			);
			runOnlyForDeploymentPostprocessing = 0;
		};
/* End PBXFrameworksBuildPhase section */

/* Begin PBXGroup section */
		C3A085F2297FC32100109FB2 = {
			isa = PBXGroup;
			children = (
				C3A085FD297FC32100109FB2 /* TicTacToe */,
				C3A085FC297FC32100109FB2 /* Products */,
			);
			sourceTree = "<group>";
		};
		C3A085FC297FC32100109FB2 /* Products */ = {
			isa = PBXGroup;
			children = (
				C3A085FB297FC32100109FB2 /* TicTacToe.app */,
			);
			name = Products;
			sourceTree = "<group>";
		};
		C3A085FD297FC32100109FB2 /* TicTacToe */ = {
			isa = PBXGroup;
			children = (
				C3A0860E297FC34100109FB2 /* Views */,
				C3A0860D297FC33600109FB2 /* ViewModel */,
				C3A0860C297FC32E00109FB2 /* Model */,
				C3A085FE297FC32100109FB2 /* TicTacToeApp.swift */,
				C3A08602297FC32400109FB2 /* Assets.xcassets */,
				C3A08604297FC32400109FB2 /* Preview Content */,
			);
			path = TicTacToe;
			sourceTree = "<group>";
		};
		C3A08604297FC32400109FB2 /* Preview Content */ = {
			isa = PBXGroup;
			children = (
				C3A08605297FC32400109FB2 /* Preview Assets.xcassets */,
			);
			path = "Preview Content";
			sourceTree = "<group>";
		};
		C3A0860C297FC32E00109FB2 /* Model */ = {
			isa = PBXGroup;
			children = (
				C3A0860F297FC36F00109FB2 /* GamePiece.swift */,
			);
			path = Model;
			sourceTree = "<group>";
		};
		C3A0860D297FC33600109FB2 /* ViewModel */ = {
			isa = PBXGroup;
			children = (
				C3A08616297FC4A300109FB2 /* GameManager.swift */,
			);
			path = ViewModel;
			sourceTree = "<group>";
		};
		C3A0860E297FC34100109FB2 /* Views */ = {
			isa = PBXGroup;
			children = (
				C3A08611297FC39800109FB2 /* Shapes */,
				C3A08618297FC58900109FB2 /* TicTacToeView.swift */,
				C3A0861A297FC66600109FB2 /* PreferencesView.swift */,
				C3A0861C297FC6B200109FB2 /* EndGameView.swift */,
			);
			path = Views;
			sourceTree = "<group>";
		};
		C3A08611297FC39800109FB2 /* Shapes */ = {
			isa = PBXGroup;
			children = (
				C3A08612297FC3E400109FB2 /* PiecesShapes.swift */,
				C3A08614297FC44900109FB2 /* Grid.swift */,
			);
			path = Shapes;
			sourceTree = "<group>";
		};
/* End PBXGroup section */

/* Begin PBXNativeTarget section */
		C3A085FA297FC32100109FB2 /* TicTacToe */ = {
			isa = PBXNativeTarget;
			buildConfigurationList = C3A08609297FC32400109FB2 /* Build configuration list for PBXNativeTarget "TicTacToe" */;
			buildPhases = (
				C3A085F7297FC32100109FB2 /* Sources */,
				C3A085F8297FC32100109FB2 /* Frameworks */,
				C3A085F9297FC32100109FB2 /* Resources */,
			);
			buildRules = (
			);
			dependencies = (
			);
			name = TicTacToe;
			productName = TicTacToe;
			productReference = C3A085FB297FC32100109FB2 /* TicTacToe.app */;
			productType = "com.apple.product-type.application";
		};
/* End PBXNativeTarget section */

/* Begin PBXProject section */
		C3A085F3297FC32100109FB2 /* Project object */ = {
			isa = PBXProject;
			attributes = {
				BuildIndependentTargetsInParallel = 1;
				LastSwiftUpdateCheck = 1420;
				LastUpgradeCheck = 1420;
				TargetAttributes = {
					C3A085FA297FC32100109FB2 = {
						CreatedOnToolsVersion = 14.2;
					};
				};
			};
			buildConfigurationList = C3A085F6297FC32100109FB2 /* Build configuration list for PBXProject "TicTacToe" */;
			compatibilityVersion = "Xcode 14.0";
			developmentRegion = en;
			hasScannedForEncodings = 0;
			knownRegions = (
				en,
				Base,
			);
			mainGroup = C3A085F2297FC32100109FB2;
			productRefGroup = C3A085FC297FC32100109FB2 /* Products */;
			projectDirPath = "";
			projectRoot = "";
			targets = (
				C3A085FA297FC32100109FB2 /* TicTacToe */,
			);
		};
/* End PBXProject section */

/* Begin PBXResourcesBuildPhase section */
		C3A085F9297FC32100109FB2 /* Resources */ = {
			isa = PBXResourcesBuildPhase;
			buildActionMask = 2147483647;
			files = (
				C3A08606297FC32400109FB2 /* Preview Assets.xcassets in Resources */,
				C3A08603297FC32400109FB2 /* Assets.xcassets in Resources */,
			);
			runOnlyForDeploymentPostprocessing = 0;
		};
/* End PBXResourcesBuildPhase section */

/* Begin PBXSourcesBuildPhase section */
		C3A085F7297FC32100109FB2 /* Sources */ = {
			isa = PBXSourcesBuildPhase;
			buildActionMask = 2147483647;
			files = (
				C3A0861D297FC6B200109FB2 /* EndGameView.swift in Sources */,
				C3A08619297FC58900109FB2 /* TicTacToeView.swift in Sources */,
				C3A08610297FC36F00109FB2 /* GamePiece.swift in Sources */,
				C3A08617297FC4A300109FB2 /* GameManager.swift in Sources */,
				C3A08613297FC3E400109FB2 /* PiecesShapes.swift in Sources */,
				C3A08615297FC44900109FB2 /* Grid.swift in Sources */,
				C3A085FF297FC32100109FB2 /* TicTacToeApp.swift in Sources */,
				C3A0861B297FC66600109FB2 /* PreferencesView.swift in Sources */,
			);
			runOnlyForDeploymentPostprocessing = 0;
		};
/* End PBXSourcesBuildPhase section */

/* Begin XCBuildConfiguration section */
		C3A08607297FC32400109FB2 /* Debug */ = {
			isa = XCBuildConfiguration;
			buildSettings = {
				ALWAYS_SEARCH_USER_PATHS = NO;
				CLANG_ANALYZER_NONNULL = YES;
				CLANG_ANALYZER_NUMBER_OBJECT_CONVERSION = YES_AGGRESSIVE;
				CLANG_CXX_LANGUAGE_STANDARD = "gnu++20";
				CLANG_ENABLE_MODULES = YES;
				CLANG_ENABLE_OBJC_ARC = YES;
				CLANG_ENABLE_OBJC_WEAK = YES;
				CLANG_WARN_BLOCK_CAPTURE_AUTORELEASING = YES;
				CLANG_WARN_BOOL_CONVERSION = YES;
				CLANG_WARN_COMMA = YES;
				CLANG_WARN_CONSTANT_CONVERSION = YES;
				CLANG_WARN_DEPRECATED_OBJC_IMPLEMENTATIONS = YES;
				CLANG_WARN_DIRECT_OBJC_ISA_USAGE = YES_ERROR;
				CLANG_WARN_DOCUMENTATION_COMMENTS = YES;
				CLANG_WARN_EMPTY_BODY = YES;
				CLANG_WARN_ENUM_CONVERSION = YES;
				CLANG_WARN_INFINITE_RECURSION = YES;
				CLANG_WARN_INT_CONVERSION = YES;
				CLANG_WARN_NON_LITERAL_NULL_CONVERSION = YES;
				CLANG_WARN_OBJC_IMPLICIT_RETAIN_SELF = YES;
				CLANG_WARN_OBJC_LITERAL_CONVERSION = YES;
				CLANG_WARN_OBJC_ROOT_CLASS = YES_ERROR;
				CLANG_WARN_QUOTED_INCLUDE_IN_FRAMEWORK_HEADER = YES;
				CLANG_WARN_RANGE_LOOP_ANALYSIS = YES;
				CLANG_WARN_STRICT_PROTOTYPES = YES;
				CLANG_WARN_SUSPICIOUS_MOVE = YES;
				CLANG_WARN_UNGUARDED_AVAILABILITY = YES_AGGRESSIVE;
				CLANG_WARN_UNREACHABLE_CODE = YES;
				CLANG_WARN__DUPLICATE_METHOD_MATCH = YES;
				COPY_PHASE_STRIP = NO;
				DEBUG_INFORMATION_FORMAT = dwarf;
				ENABLE_STRICT_OBJC_MSGSEND = YES;
				ENABLE_TESTABILITY = YES;
				GCC_C_LANGUAGE_STANDARD = gnu11;
				GCC_DYNAMIC_NO_PIC = NO;
				GCC_NO_COMMON_BLOCKS = YES;
				GCC_OPTIMIZATION_LEVEL = 0;
				GCC_PREPROCESSOR_DEFINITIONS = (
					"DEBUG=1",
					"$(inherited)",
				);
				GCC_WARN_64_TO_32_BIT_CONVERSION = YES;
				GCC_WARN_ABOUT_RETURN_TYPE = YES_ERROR;
				GCC_WARN_UNDECLARED_SELECTOR = YES;
				GCC_WARN_UNINITIALIZED_AUTOS = YES_AGGRESSIVE;
				GCC_WARN_UNUSED_FUNCTION = YES;
				GCC_WARN_UNUSED_VARIABLE = YES;
				IPHONEOS_DEPLOYMENT_TARGET = 16.2;
				MTL_ENABLE_DEBUG_INFO = INCLUDE_SOURCE;
				MTL_FAST_MATH = YES;
				ONLY_ACTIVE_ARCH = YES;
				SDKROOT = iphoneos;
				SWIFT_ACTIVE_COMPILATION_CONDITIONS = DEBUG;
				SWIFT_OPTIMIZATION_LEVEL = "-Onone";
			};
			name = Debug;
		};
		C3A08608297FC32400109FB2 /* Release */ = {
			isa = XCBuildConfiguration;
			buildSettings = {
				ALWAYS_SEARCH_USER_PATHS = NO;
				CLANG_ANALYZER_NONNULL = YES;
				CLANG_ANALYZER_NUMBER_OBJECT_CONVERSION = YES_AGGRESSIVE;
				CLANG_CXX_LANGUAGE_STANDARD = "gnu++20";
				CLANG_ENABLE_MODULES = YES;
				CLANG_ENABLE_OBJC_ARC = YES;
				CLANG_ENABLE_OBJC_WEAK = YES;
				CLANG_WARN_BLOCK_CAPTURE_AUTORELEASING = YES;
				CLANG_WARN_BOOL_CONVERSION = YES;
				CLANG_WARN_COMMA = YES;
				CLANG_WARN_CONSTANT_CONVERSION = YES;
				CLANG_WARN_DEPRECATED_OBJC_IMPLEMENTATIONS = YES;
				CLANG_WARN_DIRECT_OBJC_ISA_USAGE = YES_ERROR;
				CLANG_WARN_DOCUMENTATION_COMMENTS = YES;
				CLANG_WARN_EMPTY_BODY = YES;
				CLANG_WARN_ENUM_CONVERSION = YES;
				CLANG_WARN_INFINITE_RECURSION = YES;
				CLANG_WARN_INT_CONVERSION = YES;
				CLANG_WARN_NON_LITERAL_NULL_CONVERSION = YES;
				CLANG_WARN_OBJC_IMPLICIT_RETAIN_SELF = YES;
				CLANG_WARN_OBJC_LITERAL_CONVERSION = YES;
				CLANG_WARN_OBJC_ROOT_CLASS = YES_ERROR;
				CLANG_WARN_QUOTED_INCLUDE_IN_FRAMEWORK_HEADER = YES;
				CLANG_WARN_RANGE_LOOP_ANALYSIS = YES;
				CLANG_WARN_STRICT_PROTOTYPES = YES;
				CLANG_WARN_SUSPICIOUS_MOVE = YES;
				CLANG_WARN_UNGUARDED_AVAILABILITY = YES_AGGRESSIVE;
				CLANG_WARN_UNREACHABLE_CODE = YES;
				CLANG_WARN__DUPLICATE_METHOD_MATCH = YES;
				COPY_PHASE_STRIP = NO;
				DEBUG_INFORMATION_FORMAT = "dwarf-with-dsym";
				ENABLE_NS_ASSERTIONS = NO;
				ENABLE_STRICT_OBJC_MSGSEND = YES;
				GCC_C_LANGUAGE_STANDARD = gnu11;
				GCC_NO_COMMON_BLOCKS = YES;
				GCC_WARN_64_TO_32_BIT_CONVERSION = YES;
				GCC_WARN_ABOUT_RETURN_TYPE = YES_ERROR;
				GCC_WARN_UNDECLARED_SELECTOR = YES;
				GCC_WARN_UNINITIALIZED_AUTOS = YES_AGGRESSIVE;
				GCC_WARN_UNUSED_FUNCTION = YES;
				GCC_WARN_UNUSED_VARIABLE = YES;
				IPHONEOS_DEPLOYMENT_TARGET = 16.2;
				MTL_ENABLE_DEBUG_INFO = NO;
				MTL_FAST_MATH = YES;
				SDKROOT = iphoneos;
				SWIFT_COMPILATION_MODE = wholemodule;
				SWIFT_OPTIMIZATION_LEVEL = "-O";
				VALIDATE_PRODUCT = YES;
			};
			name = Release;
		};
		C3A0860A297FC32400109FB2 /* Debug */ = {
			isa = XCBuildConfiguration;
			buildSettings = {
				ASSETCATALOG_COMPILER_APPICON_NAME = AppIcon;
				ASSETCATALOG_COMPILER_GLOBAL_ACCENT_COLOR_NAME = AccentColor;
				CODE_SIGN_STYLE = Automatic;
				CURRENT_PROJECT_VERSION = 1;
				DEVELOPMENT_ASSET_PATHS = "\"TicTacToe/Preview Content\"";
				DEVELOPMENT_TEAM = JP74RZ3MMY;
				ENABLE_PREVIEWS = YES;
				GENERATE_INFOPLIST_FILE = YES;
				INFOPLIST_KEY_UIApplicationSceneManifest_Generation = YES;
				INFOPLIST_KEY_UIApplicationSupportsIndirectInputEvents = YES;
				INFOPLIST_KEY_UILaunchScreen_Generation = YES;
				INFOPLIST_KEY_UISupportedInterfaceOrientations_iPad = "UIInterfaceOrientationPortrait UIInterfaceOrientationPortraitUpsideDown UIInterfaceOrientationLandscapeLeft UIInterfaceOrientationLandscapeRight";
				INFOPLIST_KEY_UISupportedInterfaceOrientations_iPhone = "UIInterfaceOrientationPortrait UIInterfaceOrientationLandscapeLeft UIInterfaceOrientationLandscapeRight";
				LD_RUNPATH_SEARCH_PATHS = (
					"$(inherited)",
					"@executable_path/Frameworks",
				);
				MARKETING_VERSION = 1.0;
				PRODUCT_BUNDLE_IDENTIFIER = edu.psu.TicTacToe;
				PRODUCT_NAME = "$(TARGET_NAME)";
				SWIFT_EMIT_LOC_STRINGS = YES;
				SWIFT_VERSION = 5.0;
				TARGETED_DEVICE_FAMILY = "1,2";
			};
			name = Debug;
		};
		C3A0860B297FC32400109FB2 /* Release */ = {
			isa = XCBuildConfiguration;
			buildSettings = {
				ASSETCATALOG_COMPILER_APPICON_NAME = AppIcon;
				ASSETCATALOG_COMPILER_GLOBAL_ACCENT_COLOR_NAME = AccentColor;
				CODE_SIGN_STYLE = Automatic;
				CURRENT_PROJECT_VERSION = 1;
				DEVELOPMENT_ASSET_PATHS = "\"TicTacToe/Preview Content\"";
				DEVELOPMENT_TEAM = JP74RZ3MMY;
				ENABLE_PREVIEWS = YES;
				GENERATE_INFOPLIST_FILE = YES;
				INFOPLIST_KEY_UIApplicationSceneManifest_Generation = YES;
				INFOPLIST_KEY_UIApplicationSupportsIndirectInputEvents = YES;
				INFOPLIST_KEY_UILaunchScreen_Generation = YES;
				INFOPLIST_KEY_UISupportedInterfaceOrientations_iPad = "UIInterfaceOrientationPortrait UIInterfaceOrientationPortraitUpsideDown UIInterfaceOrientationLandscapeLeft UIInterfaceOrientationLandscapeRight";
				INFOPLIST_KEY_UISupportedInterfaceOrientations_iPhone = "UIInterfaceOrientationPortrait UIInterfaceOrientationLandscapeLeft UIInterfaceOrientationLandscapeRight";
				LD_RUNPATH_SEARCH_PATHS = (
					"$(inherited)",
					"@executable_path/Frameworks",
				);
				MARKETING_VERSION = 1.0;
				PRODUCT_BUNDLE_IDENTIFIER = edu.psu.TicTacToe;
				PRODUCT_NAME = "$(TARGET_NAME)";
				SWIFT_EMIT_LOC_STRINGS = YES;
				SWIFT_VERSION = 5.0;
				TARGETED_DEVICE_FAMILY = "1,2";
			};
			name = Release;
		};
/* End XCBuildConfiguration section */

/* Begin XCConfigurationList section */
		C3A085F6297FC32100109FB2 /* Build configuration list for PBXProject "TicTacToe" */ = {
			isa = XCConfigurationList;
			buildConfigurations = (
				C3A08607297FC32400109FB2 /* Debug */,
				C3A08608297FC32400109FB2 /* Release */,
			);
			defaultConfigurationIsVisible = 0;
			defaultConfigurationName = Release;
		};
		C3A08609297FC32400109FB2 /* Build configuration list for PBXNativeTarget "TicTacToe" */ = {
			isa = XCConfigurationList;
			buildConfigurations = (
				C3A0860A297FC32400109FB2 /* Debug */,
				C3A0860B297FC32400109FB2 /* Release */,
			);
			defaultConfigurationIsVisible = 0;
			defaultConfigurationName = Release;
		};
/* End XCConfigurationList section */
	};
	rootObject = C3A085F3297FC32100109FB2 /* Project object */;
}
